
Microsoft Visual Studio Solution File, Format Version 12.00
# Visual Studio Version 17
VisualStudioVersion = 17.6.33723.286
MinimumVisualStudioVersion = 10.0.40219.1
Project("{FAE04EC0-301F-11D3-BF4B-00C04F79EFBC}") = "Presentacion", "TrabajandoEnCapasFin\Presentacion.csproj", "{88EDD810-96D3-4C87-A97A-B47872E15785}"
EndProject
Project("{FAE04EC0-301F-11D3-BF4B-00C04F79EFBC}") = "Datos", "Datos\Datos.csproj", "{6A1ABB77-4FA6-436C-93A2-8F9C759E328A}"
EndProject
Project("{FAE04EC0-301F-11D3-BF4B-00C04F79EFBC}") = "Entidades", "Entidades\Entidades.csproj", "{5379C405-6AFD-482F-ADFE-F3D6930C03A4}"
EndProject
Project("{FAE04EC0-301F-11D3-BF4B-00C04F79EFBC}") = "Negocios", "Negocios\Negocios.csproj", "{038ED5E2-7E61-44B7-A187-58CDC9615543}"
EndProject
Global
	GlobalSection(SolutionConfigurationPlatforms) = preSolution
		Debug|Any CPU = Debug|Any CPU
		Release|Any CPU = Release|Any CPU
	EndGlobalSection
	GlobalSection(ProjectConfigurationPlatforms) = postSolution
		{88EDD810-96D3-4C87-A97A-B47872E15785}.Debug|Any CPU.ActiveCfg = Debug|Any CPU
		{88EDD810-96D3-4C87-A97A-B47872E15785}.Debug|Any CPU.Build.0 = Debug|Any CPU
		{88EDD810-96D3-4C87-A97A-B47872E15785}.Release|Any CPU.ActiveCfg = Release|Any CPU
		{88EDD810-96D3-4C87-A97A-B47872E15785}.Release|Any CPU.Build.0 = Release|Any CPU
		{6A1ABB77-4FA6-436C-93A2-8F9C759E328A}.Debug|Any CPU.ActiveCfg = Debug|Any CPU
		{6A1ABB77-4FA6-436C-93A2-8F9C759E328A}.Debug|Any CPU.Build.0 = Debug|Any CPU
		{6A1ABB77-4FA6-436C-93A2-8F9C759E328A}.Release|Any CPU.ActiveCfg = Release|Any CPU
		{6A1ABB77-4FA6-436C-93A2-8F9C759E328A}.Release|Any CPU.Build.0 = Release|Any CPU
		{5379C405-6AFD-482F-ADFE-F3D6930C03A4}.Debug|Any CPU.ActiveCfg = Debug|Any CPU
		{5379C405-6AFD-482F-ADFE-F3D6930C03A4}.Debug|Any CPU.Build.0 = Debug|Any CPU
		{5379C405-6AFD-482F-ADFE-F3D6930C03A4}.Release|Any CPU.ActiveCfg = Release|Any CPU
		{5379C405-6AFD-482F-ADFE-F3D6930C03A4}.Release|Any CPU.Build.0 = Release|Any CPU
		{038ED5E2-7E61-44B7-A187-58CDC9615543}.Debug|Any CPU.ActiveCfg = Debug|Any CPU
		{038ED5E2-7E61-44B7-A187-58CDC9615543}.Debug|Any CPU.Build.0 = Debug|Any CPU
		{038ED5E2-7E61-44B7-A187-58CDC9615543}.Release|Any CPU.ActiveCfg = Release|Any CPU
		{038ED5E2-7E61-44B7-A187-58CDC9615543}.Release|Any CPU.Build.0 = Release|Any CPU
	EndGlobalSection
	GlobalSection(SolutionProperties) = preSolution
		HideSolutionNode = FALSE
	EndGlobalSection
	GlobalSection(ExtensibilityGlobals) = postSolution
		SolutionGuid = {FE886854-0FE7-4D99-A90A-F798D33FD76A}
	EndGlobalSection
EndGlobal
